PODS:
  - MXParallaxHeader (0.6.1)
  - RxAtomic (4.4.0)
  - RxCocoa (4.4.0):
    - RxSwift (~> 4.0)
  - RxOptional (3.6.2):
    - RxCocoa (~> 4.0)
    - RxSwift (~> 4.0)
  - RxSwift (4.4.0):
    - RxAtomic (~> 4.4)
  - RxSwiftExtensions (1.2.2):
    - RxCocoa (>= 4.3)
    - RxOptional (>= 3.5)
    - RxSwift (>= 4.3)
    - RxViewController
  - RxViewController (0.4.0):
    - RxCocoa (>= 4.0.0)
    - RxSwift (>= 4.0.0)
  - SnapKit (4.2.0)
  - XLPagerTabStrip (8.1.0)

DEPENDENCIES:
  - MXParallaxHeader
  - RxCocoa
  - RxOptional
  - RxSwift
  - RxSwiftExtensions
  - SnapKit
  - XLPagerTabStrip

SPEC REPOS:
  https://github.com/cocoapods/specs.git:
    - MXParallaxHeader
    - RxAtomic
    - RxCocoa
    - RxOptional
    - RxSwift
    - RxSwiftExtensions
    - RxViewController
    - SnapKit
    - XLPagerTabStrip

SPEC CHECKSUMS:
  MXParallaxHeader: 858c403532ed933b381556a81ce333d7065ad182
  RxAtomic: eacf60db868c96bfd63320e28619fe29c179656f
  RxCocoa: df63ebf7b9a70d6b4eeea407ed5dd4efc8979749
  RxOptional: 80426a0ddbd092573e4c482d8cc13302078c4d5e
  RxSwift: 5976ecd04fc2fefd648827c23de5e11157faa973
  RxSwiftExtensions: 55a489fc6b46a047646438b948a3ad65d9e4e63a
  RxViewController: 359bbc2fda373a78605b2735afb0f9f4f3f6c3e4
  SnapKit: fe8a619752f3f27075cc9a90244d75c6c3f27e2a
  XLPagerTabStrip: 22d4c58200d7c105e0e407ab6bfd01a5d85014be

PODFILE CHECKSUM: fde542de73ed3cb2207ba96a06d413b715b45ff3

COCOAPODS: 1.5.3
