// !$*UTF8*$!
{
	archiveVersion = 1;
	classes = {
	};
	objectVersion = 50;
	objects = {

/* Begin PBXBuildFile section */
		266242598B46EDF7E8AFD2BD /* Pods_RxSwift_XLPagerTabStrip_MVVM.framework in Frameworks */ = {isa = PBXBuildFile; fileRef = 693F1BC536D1F0703B31172E /* Pods_RxSwift_XLPagerTabStrip_MVVM.framework */; };
		60B52D292136D46F00289780 /* StickyHeaderViewModelType.swift in Sources */ = {isa = PBXBuildFile; fileRef = 60B52D282136D46F00289780 /* StickyHeaderViewModelType.swift */; };
		60B52D2B2136D49900289780 /* StickyHeaderViewModel.swift in Sources */ = {isa = PBXBuildFile; fileRef = 60B52D2A2136D49900289780 /* StickyHeaderViewModel.swift */; };
		CD389C7B212FDB0000474BA2 /* AppDelegate.swift in Sources */ = {isa = PBXBuildFile; fileRef = CD389C7A212FDB0000474BA2 /* AppDelegate.swift */; };
		CD389C82212FDB0100474BA2 /* Assets.xcassets in Resources */ = {isa = PBXBuildFile; fileRef = CD389C81212FDB0100474BA2 /* Assets.xcassets */; };
		CD389C85212FDB0100474BA2 /* LaunchScreen.storyboard in Resources */ = {isa = PBXBuildFile; fileRef = CD389C83212FDB0100474BA2 /* LaunchScreen.storyboard */; };
		CD389C8F212FDBA100474BA2 /* MainViewController.swift in Sources */ = {isa = PBXBuildFile; fileRef = CD389C8E212FDBA100474BA2 /* MainViewController.swift */; };
		CD389C94212FDBC500474BA2 /* MainViewModelType.swift in Sources */ = {isa = PBXBuildFile; fileRef = CD389C93212FDBC500474BA2 /* MainViewModelType.swift */; };
		CD389C96212FDBCC00474BA2 /* MainViewModel.swift in Sources */ = {isa = PBXBuildFile; fileRef = CD389C95212FDBCB00474BA2 /* MainViewModel.swift */; };
		CD389C98212FDBE200474BA2 /* ViewModelType.swift in Sources */ = {isa = PBXBuildFile; fileRef = CD389C97212FDBE200474BA2 /* ViewModelType.swift */; };
		CD389C9B212FDC0400474BA2 /* Sample.swift in Sources */ = {isa = PBXBuildFile; fileRef = CD389C9A212FDC0400474BA2 /* Sample.swift */; };
		CD389C9F212FDC2300474BA2 /* MainSectionData.swift in Sources */ = {isa = PBXBuildFile; fileRef = CD389C9E212FDC2300474BA2 /* MainSectionData.swift */; };
		CD389CB0212FDDA400474BA2 /* SampleService.swift in Sources */ = {isa = PBXBuildFile; fileRef = CD389CAF212FDDA400474BA2 /* SampleService.swift */; };
		CD389CB4212FDDB800474BA2 /* SampleServiceType.swift in Sources */ = {isa = PBXBuildFile; fileRef = CD389CB3212FDDB800474BA2 /* SampleServiceType.swift */; };
		CD389CB7212FDE0D00474BA2 /* MarketServiceType.swift in Sources */ = {isa = PBXBuildFile; fileRef = CD389CB6212FDE0D00474BA2 /* MarketServiceType.swift */; };
		CD389CB9212FDE1B00474BA2 /* MarketService.swift in Sources */ = {isa = PBXBuildFile; fileRef = CD389CB8212FDE1B00474BA2 /* MarketService.swift */; };
		CD389CBD212FE08300474BA2 /* TitleCell.swift in Sources */ = {isa = PBXBuildFile; fileRef = CD389CBC212FE08300474BA2 /* TitleCell.swift */; };
		CD389CBF212FE0A900474BA2 /* TitleCellModelType.swift in Sources */ = {isa = PBXBuildFile; fileRef = CD389CBE212FE0A900474BA2 /* TitleCellModelType.swift */; };
		CD389CC7212FE59A00474BA2 /* ButtonBarPagerViewController.swift in Sources */ = {isa = PBXBuildFile; fileRef = CD389CC6212FE59A00474BA2 /* ButtonBarPagerViewController.swift */; };
		CD389CCE212FE61400474BA2 /* Pager.swift in Sources */ = {isa = PBXBuildFile; fileRef = CD389CCD212FE61400474BA2 /* Pager.swift */; };
		CD389CD0212FE67E00474BA2 /* TitlePagerChildViewController.swift in Sources */ = {isa = PBXBuildFile; fileRef = CD389CCF212FE67E00474BA2 /* TitlePagerChildViewController.swift */; };
		CD389CD6212FE6F500474BA2 /* TitlePagerChildViewModelType.swift in Sources */ = {isa = PBXBuildFile; fileRef = CD389CD5212FE6F500474BA2 /* TitlePagerChildViewModelType.swift */; };
		CD389CDA212FE76F00474BA2 /* StringPagerChildViewModel.swift in Sources */ = {isa = PBXBuildFile; fileRef = CD389CD9212FE76F00474BA2 /* StringPagerChildViewModel.swift */; };
		CD389CDC212FE77B00474BA2 /* StringPagerChildViewModelType.swift in Sources */ = {isa = PBXBuildFile; fileRef = CD389CDB212FE77B00474BA2 /* StringPagerChildViewModelType.swift */; };
		CD389CDF212FE8A400474BA2 /* SamplePagerChildViewModel.swift in Sources */ = {isa = PBXBuildFile; fileRef = CD389CDE212FE8A400474BA2 /* SamplePagerChildViewModel.swift */; };
		CD389CE1212FE8CA00474BA2 /* SamplePagerChildViewModelType.swift in Sources */ = {isa = PBXBuildFile; fileRef = CD389CE0212FE8CA00474BA2 /* SamplePagerChildViewModelType.swift */; };
		CD389CE4212FEA2B00474BA2 /* ButtonBarPagerViewModelType.swift in Sources */ = {isa = PBXBuildFile; fileRef = CD389CE3212FEA2B00474BA2 /* ButtonBarPagerViewModelType.swift */; };
		CD389CE8212FEA4F00474BA2 /* PagerViewModelType.swift in Sources */ = {isa = PBXBuildFile; fileRef = CD389CE7212FEA4F00474BA2 /* PagerViewModelType.swift */; };
		CD389CEB212FEAC300474BA2 /* StringButtonBarPagerViewModelType.swift in Sources */ = {isa = PBXBuildFile; fileRef = CD389CEA212FEAC300474BA2 /* StringButtonBarPagerViewModelType.swift */; };
		CD389CED212FEAF300474BA2 /* SampleButtonBarPagerViewModelType.swift in Sources */ = {isa = PBXBuildFile; fileRef = CD389CEC212FEAF300474BA2 /* SampleButtonBarPagerViewModelType.swift */; };
		CD389CEF212FEBAE00474BA2 /* StringButtonBarPagerViewModel.swift in Sources */ = {isa = PBXBuildFile; fileRef = CD389CEE212FEBAE00474BA2 /* StringButtonBarPagerViewModel.swift */; };
		CD389CF1212FECBA00474BA2 /* SampleButtonBarPagerViewModel.swift in Sources */ = {isa = PBXBuildFile; fileRef = CD389CF0212FECBA00474BA2 /* SampleButtonBarPagerViewModel.swift */; };
		CD389CF7212FEF4200474BA2 /* Market.swift in Sources */ = {isa = PBXBuildFile; fileRef = CD389CF6212FEF4200474BA2 /* Market.swift */; };
		CD389CFC212FF0B200474BA2 /* StringService.swift in Sources */ = {isa = PBXBuildFile; fileRef = CD389CFA212FF0B200474BA2 /* StringService.swift */; };
		CD389CFD212FF0B200474BA2 /* StringServiceType.swift in Sources */ = {isa = PBXBuildFile; fileRef = CD389CFB212FF0B200474BA2 /* StringServiceType.swift */; };
		CD389CFF212FF4DB00474BA2 /* TitleCellModel.swift in Sources */ = {isa = PBXBuildFile; fileRef = CD389CFE212FF4DB00474BA2 /* TitleCellModel.swift */; };
		CD389D03212FF60F00474BA2 /* MarketButtonBarPagerViewModelType.swift in Sources */ = {isa = PBXBuildFile; fileRef = CD389D01212FF60F00474BA2 /* MarketButtonBarPagerViewModelType.swift */; };
		CD389D04212FF60F00474BA2 /* MarketButtonBarPagerViewModel.swift in Sources */ = {isa = PBXBuildFile; fileRef = CD389D02212FF60F00474BA2 /* MarketButtonBarPagerViewModel.swift */; };
		CD389D08212FF67200474BA2 /* MarketPagerChildViewModelType.swift in Sources */ = {isa = PBXBuildFile; fileRef = CD389D06212FF67200474BA2 /* MarketPagerChildViewModelType.swift */; };
		CD389D09212FF67200474BA2 /* MarketPagerChildViewModel.swift in Sources */ = {isa = PBXBuildFile; fileRef = CD389D07212FF67200474BA2 /* MarketPagerChildViewModel.swift */; };
		CD389D0D212FF8E200474BA2 /* StickyServiceType.swift in Sources */ = {isa = PBXBuildFile; fileRef = CD389D0C212FF8E200474BA2 /* StickyServiceType.swift */; };
		CD389D0F212FF8E900474BA2 /* StickyService.swift in Sources */ = {isa = PBXBuildFile; fileRef = CD389D0E212FF8E900474BA2 /* StickyService.swift */; };
		CD389D12212FF91A00474BA2 /* Sticky.swift in Sources */ = {isa = PBXBuildFile; fileRef = CD389D11212FF91A00474BA2 /* Sticky.swift */; };
		CD389D15212FFA6100474BA2 /* TablePagerChildViewModelType.swift in Sources */ = {isa = PBXBuildFile; fileRef = CD389D14212FFA6100474BA2 /* TablePagerChildViewModelType.swift */; };
		CD389D17212FFC2200474BA2 /* StickyButtonBarPagerViewController.swift in Sources */ = {isa = PBXBuildFile; fileRef = CD389D16212FFC2200474BA2 /* StickyButtonBarPagerViewController.swift */; };
		CD389D1A212FFD2300474BA2 /* StickyHeaderView.swift in Sources */ = {isa = PBXBuildFile; fileRef = CD389D19212FFD2300474BA2 /* StickyHeaderView.swift */; };
		CD389D1D2134D77A00474BA2 /* StickyButtonBarPagerViewModelType.swift in Sources */ = {isa = PBXBuildFile; fileRef = CD389D1C2134D77A00474BA2 /* StickyButtonBarPagerViewModelType.swift */; };
		CD389D1F2134D78000474BA2 /* StickyButtonBarPagerViewModel.swift in Sources */ = {isa = PBXBuildFile; fileRef = CD389D1E2134D78000474BA2 /* StickyButtonBarPagerViewModel.swift */; };
		CD389D262134DA5E00474BA2 /* TablePagerChildSectionData.swift in Sources */ = {isa = PBXBuildFile; fileRef = CD389D252134DA5E00474BA2 /* TablePagerChildSectionData.swift */; };
		CD389D282134DC3F00474BA2 /* TablePagerChildViewController.swift in Sources */ = {isa = PBXBuildFile; fileRef = CD389D272134DC3F00474BA2 /* TablePagerChildViewController.swift */; };
		CD389D2B2134DD7800474BA2 /* StickyPagerChildViewModelType.swift in Sources */ = {isa = PBXBuildFile; fileRef = CD389D2A2134DD7800474BA2 /* StickyPagerChildViewModelType.swift */; };
		CD389D2D2134DDD900474BA2 /* StickyPagerChildViewModel.swift in Sources */ = {isa = PBXBuildFile; fileRef = CD389D2C2134DDD900474BA2 /* StickyPagerChildViewModel.swift */; };
/* End PBXBuildFile section */

/* Begin PBXFileReference section */
		60B52D282136D46F00289780 /* StickyHeaderViewModelType.swift */ = {isa = PBXFileReference; lastKnownFileType = sourcecode.swift; path = StickyHeaderViewModelType.swift; sourceTree = "<group>"; };
		60B52D2A2136D49900289780 /* StickyHeaderViewModel.swift */ = {isa = PBXFileReference; lastKnownFileType = sourcecode.swift; path = StickyHeaderViewModel.swift; sourceTree = "<group>"; };
		693F1BC536D1F0703B31172E /* Pods_RxSwift_XLPagerTabStrip_MVVM.framework */ = {isa = PBXFileReference; explicitFileType = wrapper.framework; includeInIndex = 0; path = Pods_RxSwift_XLPagerTabStrip_MVVM.framework; sourceTree = BUILT_PRODUCTS_DIR; };
		70EBFE5200D75988B118742F /* Pods-RxSwift XLPagerTabStrip MVVM.debug.xcconfig */ = {isa = PBXFileReference; includeInIndex = 1; lastKnownFileType = text.xcconfig; name = "Pods-RxSwift XLPagerTabStrip MVVM.debug.xcconfig"; path = "Pods/Target Support Files/Pods-RxSwift XLPagerTabStrip MVVM/Pods-RxSwift XLPagerTabStrip MVVM.debug.xcconfig"; sourceTree = "<group>"; };
		775095AA709F1F11EF8FFA1A /* Pods-RxSwift XLPagerTabStrip MVVM.release.xcconfig */ = {isa = PBXFileReference; includeInIndex = 1; lastKnownFileType = text.xcconfig; name = "Pods-RxSwift XLPagerTabStrip MVVM.release.xcconfig"; path = "Pods/Target Support Files/Pods-RxSwift XLPagerTabStrip MVVM/Pods-RxSwift XLPagerTabStrip MVVM.release.xcconfig"; sourceTree = "<group>"; };
		CD068AFC21357EE500FB9AD8 /* RxSwift XLPagerTabStrip MVVM-Bridging-Header.h */ = {isa = PBXFileReference; lastKnownFileType = sourcecode.c.h; path = "RxSwift XLPagerTabStrip MVVM-Bridging-Header.h"; sourceTree = "<group>"; };
		CD389C77212FDB0000474BA2 /* RxSwift XLPagerTabStrip MVVM.app */ = {isa = PBXFileReference; explicitFileType = wrapper.application; includeInIndex = 0; path = "RxSwift XLPagerTabStrip MVVM.app"; sourceTree = BUILT_PRODUCTS_DIR; };
		CD389C7A212FDB0000474BA2 /* AppDelegate.swift */ = {isa = PBXFileReference; lastKnownFileType = sourcecode.swift; path = AppDelegate.swift; sourceTree = "<group>"; };
		CD389C81212FDB0100474BA2 /* Assets.xcassets */ = {isa = PBXFileReference; lastKnownFileType = folder.assetcatalog; path = Assets.xcassets; sourceTree = "<group>"; };
		CD389C84212FDB0100474BA2 /* Base */ = {isa = PBXFileReference; lastKnownFileType = file.storyboard; name = Base; path = Base.lproj/LaunchScreen.storyboard; sourceTree = "<group>"; };
		CD389C86212FDB0100474BA2 /* Info.plist */ = {isa = PBXFileReference; lastKnownFileType = text.plist.xml; path = Info.plist; sourceTree = "<group>"; };
		CD389C8E212FDBA100474BA2 /* MainViewController.swift */ = {isa = PBXFileReference; lastKnownFileType = sourcecode.swift; path = MainViewController.swift; sourceTree = "<group>"; };
		CD389C93212FDBC500474BA2 /* MainViewModelType.swift */ = {isa = PBXFileReference; lastKnownFileType = sourcecode.swift; path = MainViewModelType.swift; sourceTree = "<group>"; };
		CD389C95212FDBCB00474BA2 /* MainViewModel.swift */ = {isa = PBXFileReference; lastKnownFileType = sourcecode.swift; path = MainViewModel.swift; sourceTree = "<group>"; };
		CD389C97212FDBE200474BA2 /* ViewModelType.swift */ = {isa = PBXFileReference; lastKnownFileType = sourcecode.swift; path = ViewModelType.swift; sourceTree = "<group>"; };
		CD389C9A212FDC0400474BA2 /* Sample.swift */ = {isa = PBXFileReference; lastKnownFileType = sourcecode.swift; path = Sample.swift; sourceTree = "<group>"; };
		CD389C9E212FDC2300474BA2 /* MainSectionData.swift */ = {isa = PBXFileReference; lastKnownFileType = sourcecode.swift; path = MainSectionData.swift; sourceTree = "<group>"; };
		CD389CAF212FDDA400474BA2 /* SampleService.swift */ = {isa = PBXFileReference; lastKnownFileType = sourcecode.swift; path = SampleService.swift; sourceTree = "<group>"; };
		CD389CB3212FDDB800474BA2 /* SampleServiceType.swift */ = {isa = PBXFileReference; lastKnownFileType = sourcecode.swift; path = SampleServiceType.swift; sourceTree = "<group>"; };
		CD389CB6212FDE0D00474BA2 /* MarketServiceType.swift */ = {isa = PBXFileReference; lastKnownFileType = sourcecode.swift; path = MarketServiceType.swift; sourceTree = "<group>"; };
		CD389CB8212FDE1B00474BA2 /* MarketService.swift */ = {isa = PBXFileReference; lastKnownFileType = sourcecode.swift; path = MarketService.swift; sourceTree = "<group>"; };
		CD389CBC212FE08300474BA2 /* TitleCell.swift */ = {isa = PBXFileReference; lastKnownFileType = sourcecode.swift; path = TitleCell.swift; sourceTree = "<group>"; };
		CD389CBE212FE0A900474BA2 /* TitleCellModelType.swift */ = {isa = PBXFileReference; lastKnownFileType = sourcecode.swift; path = TitleCellModelType.swift; sourceTree = "<group>"; };
		CD389CC6212FE59A00474BA2 /* ButtonBarPagerViewController.swift */ = {isa = PBXFileReference; lastKnownFileType = sourcecode.swift; path = ButtonBarPagerViewController.swift; sourceTree = "<group>"; };
		CD389CCD212FE61400474BA2 /* Pager.swift */ = {isa = PBXFileReference; lastKnownFileType = sourcecode.swift; path = Pager.swift; sourceTree = "<group>"; };
		CD389CCF212FE67E00474BA2 /* TitlePagerChildViewController.swift */ = {isa = PBXFileReference; lastKnownFileType = sourcecode.swift; path = TitlePagerChildViewController.swift; sourceTree = "<group>"; };
		CD389CD5212FE6F500474BA2 /* TitlePagerChildViewModelType.swift */ = {isa = PBXFileReference; lastKnownFileType = sourcecode.swift; path = TitlePagerChildViewModelType.swift; sourceTree = "<group>"; };
		CD389CD9212FE76F00474BA2 /* StringPagerChildViewModel.swift */ = {isa = PBXFileReference; lastKnownFileType = sourcecode.swift; path = StringPagerChildViewModel.swift; sourceTree = "<group>"; };
		CD389CDB212FE77B00474BA2 /* StringPagerChildViewModelType.swift */ = {isa = PBXFileReference; lastKnownFileType = sourcecode.swift; path = StringPagerChildViewModelType.swift; sourceTree = "<group>"; };
		CD389CDE212FE8A400474BA2 /* SamplePagerChildViewModel.swift */ = {isa = PBXFileReference; lastKnownFileType = sourcecode.swift; path = SamplePagerChildViewModel.swift; sourceTree = "<group>"; };
		CD389CE0212FE8CA00474BA2 /* SamplePagerChildViewModelType.swift */ = {isa = PBXFileReference; lastKnownFileType = sourcecode.swift; path = SamplePagerChildViewModelType.swift; sourceTree = "<group>"; };
		CD389CE3212FEA2B00474BA2 /* ButtonBarPagerViewModelType.swift */ = {isa = PBXFileReference; lastKnownFileType = sourcecode.swift; path = ButtonBarPagerViewModelType.swift; sourceTree = "<group>"; };
		CD389CE7212FEA4F00474BA2 /* PagerViewModelType.swift */ = {isa = PBXFileReference; lastKnownFileType = sourcecode.swift; path = PagerViewModelType.swift; sourceTree = "<group>"; };
		CD389CEA212FEAC300474BA2 /* StringButtonBarPagerViewModelType.swift */ = {isa = PBXFileReference; lastKnownFileType = sourcecode.swift; path = StringButtonBarPagerViewModelType.swift; sourceTree = "<group>"; };
		CD389CEC212FEAF300474BA2 /* SampleButtonBarPagerViewModelType.swift */ = {isa = PBXFileReference; lastKnownFileType = sourcecode.swift; path = SampleButtonBarPagerViewModelType.swift; sourceTree = "<group>"; };
		CD389CEE212FEBAE00474BA2 /* StringButtonBarPagerViewModel.swift */ = {isa = PBXFileReference; lastKnownFileType = sourcecode.swift; path = StringButtonBarPagerViewModel.swift; sourceTree = "<group>"; };
		CD389CF0212FECBA00474BA2 /* SampleButtonBarPagerViewModel.swift */ = {isa = PBXFileReference; lastKnownFileType = sourcecode.swift; path = SampleButtonBarPagerViewModel.swift; sourceTree = "<group>"; };
		CD389CF6212FEF4200474BA2 /* Market.swift */ = {isa = PBXFileReference; lastKnownFileType = sourcecode.swift; path = Market.swift; sourceTree = "<group>"; };
		CD389CFA212FF0B200474BA2 /* StringService.swift */ = {isa = PBXFileReference; fileEncoding = 4; lastKnownFileType = sourcecode.swift; path = StringService.swift; sourceTree = "<group>"; };
		CD389CFB212FF0B200474BA2 /* StringServiceType.swift */ = {isa = PBXFileReference; fileEncoding = 4; lastKnownFileType = sourcecode.swift; path = StringServiceType.swift; sourceTree = "<group>"; };
		CD389CFE212FF4DB00474BA2 /* TitleCellModel.swift */ = {isa = PBXFileReference; lastKnownFileType = sourcecode.swift; path = TitleCellModel.swift; sourceTree = "<group>"; };
		CD389D01212FF60F00474BA2 /* MarketButtonBarPagerViewModelType.swift */ = {isa = PBXFileReference; fileEncoding = 4; lastKnownFileType = sourcecode.swift; path = MarketButtonBarPagerViewModelType.swift; sourceTree = "<group>"; };
		CD389D02212FF60F00474BA2 /* MarketButtonBarPagerViewModel.swift */ = {isa = PBXFileReference; fileEncoding = 4; lastKnownFileType = sourcecode.swift; path = MarketButtonBarPagerViewModel.swift; sourceTree = "<group>"; };
		CD389D06212FF67200474BA2 /* MarketPagerChildViewModelType.swift */ = {isa = PBXFileReference; fileEncoding = 4; lastKnownFileType = sourcecode.swift; path = MarketPagerChildViewModelType.swift; sourceTree = "<group>"; };
		CD389D07212FF67200474BA2 /* MarketPagerChildViewModel.swift */ = {isa = PBXFileReference; fileEncoding = 4; lastKnownFileType = sourcecode.swift; path = MarketPagerChildViewModel.swift; sourceTree = "<group>"; };
		CD389D0C212FF8E200474BA2 /* StickyServiceType.swift */ = {isa = PBXFileReference; lastKnownFileType = sourcecode.swift; path = StickyServiceType.swift; sourceTree = "<group>"; };
		CD389D0E212FF8E900474BA2 /* StickyService.swift */ = {isa = PBXFileReference; lastKnownFileType = sourcecode.swift; path = StickyService.swift; sourceTree = "<group>"; };
		CD389D11212FF91A00474BA2 /* Sticky.swift */ = {isa = PBXFileReference; lastKnownFileType = sourcecode.swift; name = Sticky.swift; path = "RxSwift XLPagerTabStrip MVVM/Model/Sticky/Sticky.swift"; sourceTree = SOURCE_ROOT; };
		CD389D14212FFA6100474BA2 /* TablePagerChildViewModelType.swift */ = {isa = PBXFileReference; lastKnownFileType = sourcecode.swift; path = TablePagerChildViewModelType.swift; sourceTree = "<group>"; };
		CD389D16212FFC2200474BA2 /* StickyButtonBarPagerViewController.swift */ = {isa = PBXFileReference; lastKnownFileType = sourcecode.swift; path = StickyButtonBarPagerViewController.swift; sourceTree = "<group>"; };
		CD389D19212FFD2300474BA2 /* StickyHeaderView.swift */ = {isa = PBXFileReference; lastKnownFileType = sourcecode.swift; path = StickyHeaderView.swift; sourceTree = "<group>"; };
		CD389D1C2134D77A00474BA2 /* StickyButtonBarPagerViewModelType.swift */ = {isa = PBXFileReference; lastKnownFileType = sourcecode.swift; path = StickyButtonBarPagerViewModelType.swift; sourceTree = "<group>"; };
		CD389D1E2134D78000474BA2 /* StickyButtonBarPagerViewModel.swift */ = {isa = PBXFileReference; lastKnownFileType = sourcecode.swift; path = StickyButtonBarPagerViewModel.swift; sourceTree = "<group>"; };
		CD389D252134DA5E00474BA2 /* TablePagerChildSectionData.swift */ = {isa = PBXFileReference; lastKnownFileType = sourcecode.swift; path = TablePagerChildSectionData.swift; sourceTree = "<group>"; };
		CD389D272134DC3F00474BA2 /* TablePagerChildViewController.swift */ = {isa = PBXFileReference; lastKnownFileType = sourcecode.swift; path = TablePagerChildViewController.swift; sourceTree = "<group>"; };
		CD389D2A2134DD7800474BA2 /* StickyPagerChildViewModelType.swift */ = {isa = PBXFileReference; lastKnownFileType = sourcecode.swift; path = StickyPagerChildViewModelType.swift; sourceTree = "<group>"; };
		CD389D2C2134DDD900474BA2 /* StickyPagerChildViewModel.swift */ = {isa = PBXFileReference; lastKnownFileType = sourcecode.swift; path = StickyPagerChildViewModel.swift; sourceTree = "<group>"; };
/* End PBXFileReference section */

/* Begin PBXFrameworksBuildPhase section */
		CD389C74212FDB0000474BA2 /* Frameworks */ = {
			isa = PBXFrameworksBuildPhase;
			buildActionMask = 2147483647;
			files = (
				266242598B46EDF7E8AFD2BD /* Pods_RxSwift_XLPagerTabStrip_MVVM.framework in Frameworks */,
			);
			runOnlyForDeploymentPostprocessing = 0;
		};
/* End PBXFrameworksBuildPhase section */

/* Begin PBXGroup section */
		60B52D212136C94000289780 /* StickyHeaderView */ = {
			isa = PBXGroup;
			children = (
				CD389D19212FFD2300474BA2 /* StickyHeaderView.swift */,
			);
			path = StickyHeaderView;
			sourceTree = "<group>";
		};
		60B52D262136D45F00289780 /* Sticky */ = {
			isa = PBXGroup;
			children = (
				60B52D272136D46500289780 /* StickyHeaderViewModel */,
			);
			path = Sticky;
			sourceTree = "<group>";
		};
		60B52D272136D46500289780 /* StickyHeaderViewModel */ = {
			isa = PBXGroup;
			children = (
				60B52D282136D46F00289780 /* StickyHeaderViewModelType.swift */,
				60B52D2A2136D49900289780 /* StickyHeaderViewModel.swift */,
			);
			path = StickyHeaderViewModel;
			sourceTree = "<group>";
		};
		60B52D2C2136D55800289780 /* Sticky */ = {
			isa = PBXGroup;
			children = (
				60B52D212136C94000289780 /* StickyHeaderView */,
			);
			path = Sticky;
			sourceTree = "<group>";
		};
		677BFAFA9D2A79549BC3DC3B /* Frameworks */ = {
			isa = PBXGroup;
			children = (
				693F1BC536D1F0703B31172E /* Pods_RxSwift_XLPagerTabStrip_MVVM.framework */,
			);
			name = Frameworks;
			sourceTree = "<group>";
		};
		966ED6EFDEBEA88E2CF4DFB5 /* Pods */ = {
			isa = PBXGroup;
			children = (
				70EBFE5200D75988B118742F /* Pods-RxSwift XLPagerTabStrip MVVM.debug.xcconfig */,
				775095AA709F1F11EF8FFA1A /* Pods-RxSwift XLPagerTabStrip MVVM.release.xcconfig */,
			);
			name = Pods;
			sourceTree = "<group>";
		};
		CD389C6E212FDB0000474BA2 = {
			isa = PBXGroup;
			children = (
				CD389C79212FDB0000474BA2 /* RxSwift XLPagerTabStrip MVVM */,
				CD389C78212FDB0000474BA2 /* Products */,
				966ED6EFDEBEA88E2CF4DFB5 /* Pods */,
				677BFAFA9D2A79549BC3DC3B /* Frameworks */,
			);
			sourceTree = "<group>";
		};
		CD389C78212FDB0000474BA2 /* Products */ = {
			isa = PBXGroup;
			children = (
				CD389C77212FDB0000474BA2 /* RxSwift XLPagerTabStrip MVVM.app */,
			);
			name = Products;
			sourceTree = "<group>";
		};
		CD389C79212FDB0000474BA2 /* RxSwift XLPagerTabStrip MVVM */ = {
			isa = PBXGroup;
			children = (
				CD389CCB212FE60300474BA2 /* Utility */,
				CD389CAA212FDD4B00474BA2 /* Service */,
				CD389C99212FDBFD00474BA2 /* Model */,
				CD389C90212FDBB200474BA2 /* ViewModel */,
				CD389C8C212FDB9400474BA2 /* View */,
				CD389C7A212FDB0000474BA2 /* AppDelegate.swift */,
				CD068AFC21357EE500FB9AD8 /* RxSwift XLPagerTabStrip MVVM-Bridging-Header.h */,
				CD389C81212FDB0100474BA2 /* Assets.xcassets */,
				CD389C83212FDB0100474BA2 /* LaunchScreen.storyboard */,
				CD389C86212FDB0100474BA2 /* Info.plist */,
			);
			path = "RxSwift XLPagerTabStrip MVVM";
			sourceTree = "<group>";
		};
		CD389C8C212FDB9400474BA2 /* View */ = {
			isa = PBXGroup;
			children = (
				CD389CA1212FDCB800474BA2 /* Cell */,
				CD389C8D212FDB9800474BA2 /* Main */,
				CD389CC5212FE58000474BA2 /* Pager */,
				60B52D2C2136D55800289780 /* Sticky */,
			);
			path = View;
			sourceTree = "<group>";
		};
		CD389C8D212FDB9800474BA2 /* Main */ = {
			isa = PBXGroup;
			children = (
				CD389C8E212FDBA100474BA2 /* MainViewController.swift */,
			);
			path = Main;
			sourceTree = "<group>";
		};
		CD389C90212FDBB200474BA2 /* ViewModel */ = {
			isa = PBXGroup;
			children = (
				CD389C97212FDBE200474BA2 /* ViewModelType.swift */,
				CD389CA4212FDCDB00474BA2 /* Cell */,
				CD389C91212FDBB600474BA2 /* Main */,
				CD389CD1212FE6BF00474BA2 /* Pager */,
				60B52D262136D45F00289780 /* Sticky */,
			);
			path = ViewModel;
			sourceTree = "<group>";
		};
		CD389C91212FDBB600474BA2 /* Main */ = {
			isa = PBXGroup;
			children = (
				CD389C92212FDBB900474BA2 /* MainViewModel */,
			);
			path = Main;
			sourceTree = "<group>";
		};
		CD389C92212FDBB900474BA2 /* MainViewModel */ = {
			isa = PBXGroup;
			children = (
				CD389C93212FDBC500474BA2 /* MainViewModelType.swift */,
				CD389C95212FDBCB00474BA2 /* MainViewModel.swift */,
			);
			path = MainViewModel;
			sourceTree = "<group>";
		};
		CD389C99212FDBFD00474BA2 /* Model */ = {
			isa = PBXGroup;
			children = (
				CD389C9D212FDC1500474BA2 /* SectionData */,
				CD389C9C212FDC0D00474BA2 /* Sample */,
				CD389CF8212FEF5F00474BA2 /* Market */,
				CD389D10212FF90800474BA2 /* Sticky */,
			);
			path = Model;
			sourceTree = "<group>";
		};
		CD389C9C212FDC0D00474BA2 /* Sample */ = {
			isa = PBXGroup;
			children = (
				CD389C9A212FDC0400474BA2 /* Sample.swift */,
			);
			path = Sample;
			sourceTree = "<group>";
		};
		CD389C9D212FDC1500474BA2 /* SectionData */ = {
			isa = PBXGroup;
			children = (
				CD389CA0212FDC2A00474BA2 /* Main */,
				CD389D232134DA5000474BA2 /* Pager */,
			);
			path = SectionData;
			sourceTree = "<group>";
		};
		CD389CA0212FDC2A00474BA2 /* Main */ = {
			isa = PBXGroup;
			children = (
				CD389C9E212FDC2300474BA2 /* MainSectionData.swift */,
			);
			path = Main;
			sourceTree = "<group>";
		};
		CD389CA1212FDCB800474BA2 /* Cell */ = {
			isa = PBXGroup;
			children = (
				CD389CBC212FE08300474BA2 /* TitleCell.swift */,
			);
			path = Cell;
			sourceTree = "<group>";
		};
		CD389CA4212FDCDB00474BA2 /* Cell */ = {
			isa = PBXGroup;
			children = (
				CD389CBE212FE0A900474BA2 /* TitleCellModelType.swift */,
				CD389CFE212FF4DB00474BA2 /* TitleCellModel.swift */,
			);
			path = Cell;
			sourceTree = "<group>";
		};
		CD389CAA212FDD4B00474BA2 /* Service */ = {
			isa = PBXGroup;
			children = (
				CD389CF9212FF09B00474BA2 /* StringService */,
				CD389CAC212FDD6C00474BA2 /* SampleService */,
				CD389CB5212FDDF700474BA2 /* MarketService */,
				CD389D0B212FF8D100474BA2 /* StickyService */,
			);
			path = Service;
			sourceTree = "<group>";
		};
		CD389CAC212FDD6C00474BA2 /* SampleService */ = {
			isa = PBXGroup;
			children = (
				CD389CB3212FDDB800474BA2 /* SampleServiceType.swift */,
				CD389CAF212FDDA400474BA2 /* SampleService.swift */,
			);
			path = SampleService;
			sourceTree = "<group>";
		};
		CD389CB5212FDDF700474BA2 /* MarketService */ = {
			isa = PBXGroup;
			children = (
				CD389CB6212FDE0D00474BA2 /* MarketServiceType.swift */,
				CD389CB8212FDE1B00474BA2 /* MarketService.swift */,
			);
			path = MarketService;
			sourceTree = "<group>";
		};
		CD389CC5212FE58000474BA2 /* Pager */ = {
			isa = PBXGroup;
			children = (
				CD389CC8212FE5D100474BA2 /* Child */,
				CD389CC6212FE59A00474BA2 /* ButtonBarPagerViewController.swift */,
				CD389D16212FFC2200474BA2 /* StickyButtonBarPagerViewController.swift */,
			);
			path = Pager;
			sourceTree = "<group>";
		};
		CD389CC8212FE5D100474BA2 /* Child */ = {
			isa = PBXGroup;
			children = (
				CD389CCF212FE67E00474BA2 /* TitlePagerChildViewController.swift */,
				CD389D272134DC3F00474BA2 /* TablePagerChildViewController.swift */,
			);
			path = Child;
			sourceTree = "<group>";
		};
		CD389CCB212FE60300474BA2 /* Utility */ = {
			isa = PBXGroup;
			children = (
				CD389CCC212FE60D00474BA2 /* Pager */,
			);
			path = Utility;
			sourceTree = "<group>";
		};
		CD389CCC212FE60D00474BA2 /* Pager */ = {
			isa = PBXGroup;
			children = (
				CD389CCD212FE61400474BA2 /* Pager.swift */,
			);
			path = Pager;
			sourceTree = "<group>";
		};
		CD389CD1212FE6BF00474BA2 /* Pager */ = {
			isa = PBXGroup;
			children = (
				CD389CE7212FEA4F00474BA2 /* PagerViewModelType.swift */,
				CD389CD2212FE6CC00474BA2 /* Child */,
				CD389CE2212FEA1000474BA2 /* ButtonBarPagerViewModel */,
				CD389CE9212FEAAE00474BA2 /* StringButtonBarPagerViewModel */,
				CD389CF2212FECDD00474BA2 /* SampleButtonBarPagerViewModel */,
				CD389D00212FF60F00474BA2 /* MarketButtonBarPagerViewModel */,
				CD389D1B2134D75C00474BA2 /* StickyButtonBarPagerViewModel */,
			);
			path = Pager;
			sourceTree = "<group>";
		};
		CD389CD2212FE6CC00474BA2 /* Child */ = {
			isa = PBXGroup;
			children = (
				CD389CD7212FE73D00474BA2 /* TitlePagerChildViewModel */,
				CD389D13212FFA4400474BA2 /* TablePagerChildViewModel */,
				CD389CD8212FE74B00474BA2 /* StringPagerChildViewModel */,
				CD389CDD212FE88B00474BA2 /* SamplePagerChildViewModel */,
				CD389D05212FF67200474BA2 /* MarketPagerChildViewModel */,
				CD389D292134DD5D00474BA2 /* StickyPagerChildViewModel */,
			);
			path = Child;
			sourceTree = "<group>";
		};
		CD389CD7212FE73D00474BA2 /* TitlePagerChildViewModel */ = {
			isa = PBXGroup;
			children = (
				CD389CD5212FE6F500474BA2 /* TitlePagerChildViewModelType.swift */,
			);
			path = TitlePagerChildViewModel;
			sourceTree = "<group>";
		};
		CD389CD8212FE74B00474BA2 /* StringPagerChildViewModel */ = {
			isa = PBXGroup;
			children = (
				CD389CDB212FE77B00474BA2 /* StringPagerChildViewModelType.swift */,
				CD389CD9212FE76F00474BA2 /* StringPagerChildViewModel.swift */,
			);
			path = StringPagerChildViewModel;
			sourceTree = "<group>";
		};
		CD389CDD212FE88B00474BA2 /* SamplePagerChildViewModel */ = {
			isa = PBXGroup;
			children = (
				CD389CE0212FE8CA00474BA2 /* SamplePagerChildViewModelType.swift */,
				CD389CDE212FE8A400474BA2 /* SamplePagerChildViewModel.swift */,
			);
			path = SamplePagerChildViewModel;
			sourceTree = "<group>";
		};
		CD389CE2212FEA1000474BA2 /* ButtonBarPagerViewModel */ = {
			isa = PBXGroup;
			children = (
				CD389CE3212FEA2B00474BA2 /* ButtonBarPagerViewModelType.swift */,
			);
			path = ButtonBarPagerViewModel;
			sourceTree = "<group>";
		};
		CD389CE9212FEAAE00474BA2 /* StringButtonBarPagerViewModel */ = {
			isa = PBXGroup;
			children = (
				CD389CEA212FEAC300474BA2 /* StringButtonBarPagerViewModelType.swift */,
				CD389CEE212FEBAE00474BA2 /* StringButtonBarPagerViewModel.swift */,
			);
			path = StringButtonBarPagerViewModel;
			sourceTree = "<group>";
		};
		CD389CF2212FECDD00474BA2 /* SampleButtonBarPagerViewModel */ = {
			isa = PBXGroup;
			children = (
				CD389CEC212FEAF300474BA2 /* SampleButtonBarPagerViewModelType.swift */,
				CD389CF0212FECBA00474BA2 /* SampleButtonBarPagerViewModel.swift */,
			);
			path = SampleButtonBarPagerViewModel;
			sourceTree = "<group>";
		};
		CD389CF8212FEF5F00474BA2 /* Market */ = {
			isa = PBXGroup;
			children = (
				CD389CF6212FEF4200474BA2 /* Market.swift */,
			);
			path = Market;
			sourceTree = "<group>";
		};
		CD389CF9212FF09B00474BA2 /* StringService */ = {
			isa = PBXGroup;
			children = (
				CD389CFB212FF0B200474BA2 /* StringServiceType.swift */,
				CD389CFA212FF0B200474BA2 /* StringService.swift */,
			);
			path = StringService;
			sourceTree = "<group>";
		};
		CD389D00212FF60F00474BA2 /* MarketButtonBarPagerViewModel */ = {
			isa = PBXGroup;
			children = (
				CD389D01212FF60F00474BA2 /* MarketButtonBarPagerViewModelType.swift */,
				CD389D02212FF60F00474BA2 /* MarketButtonBarPagerViewModel.swift */,
			);
			path = MarketButtonBarPagerViewModel;
			sourceTree = "<group>";
		};
		CD389D05212FF67200474BA2 /* MarketPagerChildViewModel */ = {
			isa = PBXGroup;
			children = (
				CD389D06212FF67200474BA2 /* MarketPagerChildViewModelType.swift */,
				CD389D07212FF67200474BA2 /* MarketPagerChildViewModel.swift */,
			);
			path = MarketPagerChildViewModel;
			sourceTree = "<group>";
		};
		CD389D0B212FF8D100474BA2 /* StickyService */ = {
			isa = PBXGroup;
			children = (
				CD389D0C212FF8E200474BA2 /* StickyServiceType.swift */,
				CD389D0E212FF8E900474BA2 /* StickyService.swift */,
			);
			path = StickyService;
			sourceTree = "<group>";
		};
		CD389D10212FF90800474BA2 /* Sticky */ = {
			isa = PBXGroup;
			children = (
				CD389D11212FF91A00474BA2 /* Sticky.swift */,
			);
			path = Sticky;
			sourceTree = "<group>";
		};
		CD389D13212FFA4400474BA2 /* TablePagerChildViewModel */ = {
			isa = PBXGroup;
			children = (
				CD389D14212FFA6100474BA2 /* TablePagerChildViewModelType.swift */,
			);
			path = TablePagerChildViewModel;
			sourceTree = "<group>";
		};
		CD389D1B2134D75C00474BA2 /* StickyButtonBarPagerViewModel */ = {
			isa = PBXGroup;
			children = (
				CD389D1C2134D77A00474BA2 /* StickyButtonBarPagerViewModelType.swift */,
				CD389D1E2134D78000474BA2 /* StickyButtonBarPagerViewModel.swift */,
			);
			path = StickyButtonBarPagerViewModel;
			sourceTree = "<group>";
		};
		CD389D232134DA5000474BA2 /* Pager */ = {
			isa = PBXGroup;
			children = (
				CD389D242134DA5600474BA2 /* Child */,
			);
			path = Pager;
			sourceTree = "<group>";
		};
		CD389D242134DA5600474BA2 /* Child */ = {
			isa = PBXGroup;
			children = (
				CD389D252134DA5E00474BA2 /* TablePagerChildSectionData.swift */,
			);
			path = Child;
			sourceTree = "<group>";
		};
		CD389D292134DD5D00474BA2 /* StickyPagerChildViewModel */ = {
			isa = PBXGroup;
			children = (
				CD389D2A2134DD7800474BA2 /* StickyPagerChildViewModelType.swift */,
				CD389D2C2134DDD900474BA2 /* StickyPagerChildViewModel.swift */,
			);
			path = StickyPagerChildViewModel;
			sourceTree = "<group>";
		};
/* End PBXGroup section */

/* Begin PBXNativeTarget section */
		CD389C76212FDB0000474BA2 /* RxSwift XLPagerTabStrip MVVM */ = {
			isa = PBXNativeTarget;
			buildConfigurationList = CD389C89212FDB0100474BA2 /* Build configuration list for PBXNativeTarget "RxSwift XLPagerTabStrip MVVM" */;
			buildPhases = (
				02DE9A33190F8EED2A93D0A6 /* [CP] Check Pods Manifest.lock */,
				CD389C73212FDB0000474BA2 /* Sources */,
				CD389C74212FDB0000474BA2 /* Frameworks */,
				CD389C75212FDB0000474BA2 /* Resources */,
				06B1C5C47F26339686F0CB6B /* [CP] Embed Pods Frameworks */,
			);
			buildRules = (
			);
			dependencies = (
			);
			name = "RxSwift XLPagerTabStrip MVVM";
			productName = "RxSwift XLPagerTabStrip MVVM";
			productReference = CD389C77212FDB0000474BA2 /* RxSwift XLPagerTabStrip MVVM.app */;
			productType = "com.apple.product-type.application";
		};
/* End PBXNativeTarget section */

/* Begin PBXProject section */
		CD389C6F212FDB0000474BA2 /* Project object */ = {
			isa = PBXProject;
			attributes = {
				LastSwiftUpdateCheck = 0940;
				LastUpgradeCheck = 0940;
				ORGANIZATIONNAME = tokijh;
				TargetAttributes = {
					CD389C76212FDB0000474BA2 = {
						CreatedOnToolsVersion = 9.4.1;
						LastSwiftMigration = 0940;
					};
				};
			};
			buildConfigurationList = CD389C72212FDB0000474BA2 /* Build configuration list for PBXProject "RxSwift XLPagerTabStrip MVVM" */;
			compatibilityVersion = "Xcode 9.3";
			developmentRegion = en;
			hasScannedForEncodings = 0;
			knownRegions = (
				en,
				Base,
			);
			mainGroup = CD389C6E212FDB0000474BA2;
			productRefGroup = CD389C78212FDB0000474BA2 /* Products */;
			projectDirPath = "";
			projectRoot = "";
			targets = (
				CD389C76212FDB0000474BA2 /* RxSwift XLPagerTabStrip MVVM */,
			);
		};
/* End PBXProject section */

/* Begin PBXResourcesBuildPhase section */
		CD389C75212FDB0000474BA2 /* Resources */ = {
			isa = PBXResourcesBuildPhase;
			buildActionMask = 2147483647;
			files = (
				CD389C85212FDB0100474BA2 /* LaunchScreen.storyboard in Resources */,
				CD389C82212FDB0100474BA2 /* Assets.xcassets in Resources */,
			);
			runOnlyForDeploymentPostprocessing = 0;
		};
/* End PBXResourcesBuildPhase section */

/* Begin PBXShellScriptBuildPhase section */
		02DE9A33190F8EED2A93D0A6 /* [CP] Check Pods Manifest.lock */ = {
			isa = PBXShellScriptBuildPhase;
			buildActionMask = 2147483647;
			files = (
			);
			inputPaths = (
				"${PODS_PODFILE_DIR_PATH}/Podfile.lock",
				"${PODS_ROOT}/Manifest.lock",
			);
			name = "[CP] Check Pods Manifest.lock";
			outputPaths = (
				"$(DERIVED_FILE_DIR)/Pods-RxSwift XLPagerTabStrip MVVM-checkManifestLockResult.txt",
			);
			runOnlyForDeploymentPostprocessing = 0;
			shellPath = /bin/sh;
			shellScript = "diff \"${PODS_PODFILE_DIR_PATH}/Podfile.lock\" \"${PODS_ROOT}/Manifest.lock\" > /dev/null\nif [ $? != 0 ] ; then\n    # print error to STDERR\n    echo \"error: The sandbox is not in sync with the Podfile.lock. Run 'pod install' or update your CocoaPods installation.\" >&2\n    exit 1\nfi\n# This output is used by Xcode 'outputs' to avoid re-running this script phase.\necho \"SUCCESS\" > \"${SCRIPT_OUTPUT_FILE_0}\"\n";
			showEnvVarsInLog = 0;
		};
		06B1C5C47F26339686F0CB6B /* [CP] Embed Pods Frameworks */ = {
			isa = PBXShellScriptBuildPhase;
			buildActionMask = 2147483647;
			files = (
			);
			inputPaths = (
				"${SRCROOT}/Pods/Target Support Files/Pods-RxSwift XLPagerTabStrip MVVM/Pods-RxSwift XLPagerTabStrip MVVM-frameworks.sh",
				"${BUILT_PRODUCTS_DIR}/MXParallaxHeader/MXParallaxHeader.framework",
				"${BUILT_PRODUCTS_DIR}/RxAtomic/RxAtomic.framework",
				"${BUILT_PRODUCTS_DIR}/RxCocoa/RxCocoa.framework",
				"${BUILT_PRODUCTS_DIR}/RxOptional/RxOptional.framework",
				"${BUILT_PRODUCTS_DIR}/RxSwift/RxSwift.framework",
				"${BUILT_PRODUCTS_DIR}/RxSwiftExtensions/RxSwiftExtensions.framework",
				"${BUILT_PRODUCTS_DIR}/RxViewController/RxViewController.framework",
				"${BUILT_PRODUCTS_DIR}/SnapKit/SnapKit.framework",
				"${BUILT_PRODUCTS_DIR}/XLPagerTabStrip/XLPagerTabStrip.framework",
			);
			name = "[CP] Embed Pods Frameworks";
			outputPaths = (
				"${TARGET_BUILD_DIR}/${FRAMEWORKS_FOLDER_PATH}/MXParallaxHeader.framework",
				"${TARGET_BUILD_DIR}/${FRAMEWORKS_FOLDER_PATH}/RxAtomic.framework",
				"${TARGET_BUILD_DIR}/${FRAMEWORKS_FOLDER_PATH}/RxCocoa.framework",
				"${TARGET_BUILD_DIR}/${FRAMEWORKS_FOLDER_PATH}/RxOptional.framework",
				"${TARGET_BUILD_DIR}/${FRAMEWORKS_FOLDER_PATH}/RxSwift.framework",
				"${TARGET_BUILD_DIR}/${FRAMEWORKS_FOLDER_PATH}/RxSwiftExtensions.framework",
				"${TARGET_BUILD_DIR}/${FRAMEWORKS_FOLDER_PATH}/RxViewController.framework",
				"${TARGET_BUILD_DIR}/${FRAMEWORKS_FOLDER_PATH}/SnapKit.framework",
				"${TARGET_BUILD_DIR}/${FRAMEWORKS_FOLDER_PATH}/XLPagerTabStrip.framework",
			);
			runOnlyForDeploymentPostprocessing = 0;
			shellPath = /bin/sh;
			shellScript = "\"${SRCROOT}/Pods/Target Support Files/Pods-RxSwift XLPagerTabStrip MVVM/Pods-RxSwift XLPagerTabStrip MVVM-frameworks.sh\"\n";
			showEnvVarsInLog = 0;
		};
/* End PBXShellScriptBuildPhase section */

/* Begin PBXSourcesBuildPhase section */
		CD389C73212FDB0000474BA2 /* Sources */ = {
			isa = PBXSourcesBuildPhase;
			buildActionMask = 2147483647;
			files = (
				CD389CCE212FE61400474BA2 /* Pager.swift in Sources */,
				CD389D08212FF67200474BA2 /* MarketPagerChildViewModelType.swift in Sources */,
				CD389D15212FFA6100474BA2 /* TablePagerChildViewModelType.swift in Sources */,
				CD389D04212FF60F00474BA2 /* MarketButtonBarPagerViewModel.swift in Sources */,
				CD389CEF212FEBAE00474BA2 /* StringButtonBarPagerViewModel.swift in Sources */,
				CD389CB9212FDE1B00474BA2 /* MarketService.swift in Sources */,
				CD389D1A212FFD2300474BA2 /* StickyHeaderView.swift in Sources */,
				CD389C7B212FDB0000474BA2 /* AppDelegate.swift in Sources */,
				CD389CFF212FF4DB00474BA2 /* TitleCellModel.swift in Sources */,
				CD389CF1212FECBA00474BA2 /* SampleButtonBarPagerViewModel.swift in Sources */,
				CD389D282134DC3F00474BA2 /* TablePagerChildViewController.swift in Sources */,
				CD389CDF212FE8A400474BA2 /* SamplePagerChildViewModel.swift in Sources */,
				CD389CB0212FDDA400474BA2 /* SampleService.swift in Sources */,
				CD389CDC212FE77B00474BA2 /* StringPagerChildViewModelType.swift in Sources */,
				CD389D262134DA5E00474BA2 /* TablePagerChildSectionData.swift in Sources */,
				CD389D2B2134DD7800474BA2 /* StickyPagerChildViewModelType.swift in Sources */,
				CD389D2D2134DDD900474BA2 /* StickyPagerChildViewModel.swift in Sources */,
				CD389D1D2134D77A00474BA2 /* StickyButtonBarPagerViewModelType.swift in Sources */,
				CD389CFD212FF0B200474BA2 /* StringServiceType.swift in Sources */,
				CD389CBF212FE0A900474BA2 /* TitleCellModelType.swift in Sources */,
				CD389CE1212FE8CA00474BA2 /* SamplePagerChildViewModelType.swift in Sources */,
				60B52D292136D46F00289780 /* StickyHeaderViewModelType.swift in Sources */,
				CD389D09212FF67200474BA2 /* MarketPagerChildViewModel.swift in Sources */,
				CD389CFC212FF0B200474BA2 /* StringService.swift in Sources */,
				CD389D17212FFC2200474BA2 /* StickyButtonBarPagerViewController.swift in Sources */,
				CD389D12212FF91A00474BA2 /* Sticky.swift in Sources */,
				CD389D0D212FF8E200474BA2 /* StickyServiceType.swift in Sources */,
				CD389CDA212FE76F00474BA2 /* StringPagerChildViewModel.swift in Sources */,
				CD389C9B212FDC0400474BA2 /* Sample.swift in Sources */,
				CD389C8F212FDBA100474BA2 /* MainViewController.swift in Sources */,
				CD389C94212FDBC500474BA2 /* MainViewModelType.swift in Sources */,
				CD389C9F212FDC2300474BA2 /* MainSectionData.swift in Sources */,
				CD389CB7212FDE0D00474BA2 /* MarketServiceType.swift in Sources */,
				CD389CC7212FE59A00474BA2 /* ButtonBarPagerViewController.swift in Sources */,
				CD389D03212FF60F00474BA2 /* MarketButtonBarPagerViewModelType.swift in Sources */,
				CD389CED212FEAF300474BA2 /* SampleButtonBarPagerViewModelType.swift in Sources */,
				CD389D0F212FF8E900474BA2 /* StickyService.swift in Sources */,
				CD389CB4212FDDB800474BA2 /* SampleServiceType.swift in Sources */,
				CD389CEB212FEAC300474BA2 /* StringButtonBarPagerViewModelType.swift in Sources */,
				CD389CBD212FE08300474BA2 /* TitleCell.swift in Sources */,
				CD389D1F2134D78000474BA2 /* StickyButtonBarPagerViewModel.swift in Sources */,
				CD389CD0212FE67E00474BA2 /* TitlePagerChildViewController.swift in Sources */,
				CD389CF7212FEF4200474BA2 /* Market.swift in Sources */,
				CD389C98212FDBE200474BA2 /* ViewModelType.swift in Sources */,
				CD389CE8212FEA4F00474BA2 /* PagerViewModelType.swift in Sources */,
				CD389CD6212FE6F500474BA2 /* TitlePagerChildViewModelType.swift in Sources */,
				CD389CE4212FEA2B00474BA2 /* ButtonBarPagerViewModelType.swift in Sources */,
				60B52D2B2136D49900289780 /* StickyHeaderViewModel.swift in Sources */,
				CD389C96212FDBCC00474BA2 /* MainViewModel.swift in Sources */,
			);
			runOnlyForDeploymentPostprocessing = 0;
		};
/* End PBXSourcesBuildPhase section */

/* Begin PBXVariantGroup section */
		CD389C83212FDB0100474BA2 /* LaunchScreen.storyboard */ = {
			isa = PBXVariantGroup;
			children = (
				CD389C84212FDB0100474BA2 /* Base */,
			);
			name = LaunchScreen.storyboard;
			sourceTree = "<group>";
		};
/* End PBXVariantGroup section */

/* Begin XCBuildConfiguration section */
		CD389C87212FDB0100474BA2 /* Debug */ = {
			isa = XCBuildConfiguration;
			buildSettings = {
				ALWAYS_SEARCH_USER_PATHS = NO;
				CLANG_ANALYZER_NONNULL = YES;
				CLANG_ANALYZER_NUMBER_OBJECT_CONVERSION = YES_AGGRESSIVE;
				CLANG_CXX_LANGUAGE_STANDARD = "gnu++14";
				CLANG_CXX_LIBRARY = "libc++";
				CLANG_ENABLE_MODULES = YES;
				CLANG_ENABLE_OBJC_ARC = YES;
				CLANG_ENABLE_OBJC_WEAK = YES;
				CLANG_WARN_BLOCK_CAPTURE_AUTORELEASING = YES;
				CLANG_WARN_BOOL_CONVERSION = YES;
				CLANG_WARN_COMMA = YES;
				CLANG_WARN_CONSTANT_CONVERSION = YES;
				CLANG_WARN_DEPRECATED_OBJC_IMPLEMENTATIONS = YES;
				CLANG_WARN_DIRECT_OBJC_ISA_USAGE = YES_ERROR;
				CLANG_WARN_DOCUMENTATION_COMMENTS = YES;
				CLANG_WARN_EMPTY_BODY = YES;
				CLANG_WARN_ENUM_CONVERSION = YES;
				CLANG_WARN_INFINITE_RECURSION = YES;
				CLANG_WARN_INT_CONVERSION = YES;
				CLANG_WARN_NON_LITERAL_NULL_CONVERSION = YES;
				CLANG_WARN_OBJC_IMPLICIT_RETAIN_SELF = YES;
				CLANG_WARN_OBJC_LITERAL_CONVERSION = YES;
				CLANG_WARN_OBJC_ROOT_CLASS = YES_ERROR;
				CLANG_WARN_RANGE_LOOP_ANALYSIS = YES;
				CLANG_WARN_STRICT_PROTOTYPES = YES;
				CLANG_WARN_SUSPICIOUS_MOVE = YES;
				CLANG_WARN_UNGUARDED_AVAILABILITY = YES_AGGRESSIVE;
				CLANG_WARN_UNREACHABLE_CODE = YES;
				CLANG_WARN__DUPLICATE_METHOD_MATCH = YES;
				CODE_SIGN_IDENTITY = "iPhone Developer";
				COPY_PHASE_STRIP = NO;
				DEBUG_INFORMATION_FORMAT = dwarf;
				ENABLE_STRICT_OBJC_MSGSEND = YES;
				ENABLE_TESTABILITY = YES;
				GCC_C_LANGUAGE_STANDARD = gnu11;
				GCC_DYNAMIC_NO_PIC = NO;
				GCC_NO_COMMON_BLOCKS = YES;
				GCC_OPTIMIZATION_LEVEL = 0;
				GCC_PREPROCESSOR_DEFINITIONS = (
					"DEBUG=1",
					"$(inherited)",
				);
				GCC_WARN_64_TO_32_BIT_CONVERSION = YES;
				GCC_WARN_ABOUT_RETURN_TYPE = YES_ERROR;
				GCC_WARN_UNDECLARED_SELECTOR = YES;
				GCC_WARN_UNINITIALIZED_AUTOS = YES_AGGRESSIVE;
				GCC_WARN_UNUSED_FUNCTION = YES;
				GCC_WARN_UNUSED_VARIABLE = YES;
				IPHONEOS_DEPLOYMENT_TARGET = 11.4;
				MTL_ENABLE_DEBUG_INFO = YES;
				ONLY_ACTIVE_ARCH = YES;
				SDKROOT = iphoneos;
				SWIFT_ACTIVE_COMPILATION_CONDITIONS = DEBUG;
				SWIFT_OPTIMIZATION_LEVEL = "-Onone";
			};
			name = Debug;
		};
		CD389C88212FDB0100474BA2 /* Release */ = {
			isa = XCBuildConfiguration;
			buildSettings = {
				ALWAYS_SEARCH_USER_PATHS = NO;
				CLANG_ANALYZER_NONNULL = YES;
				CLANG_ANALYZER_NUMBER_OBJECT_CONVERSION = YES_AGGRESSIVE;
				CLANG_CXX_LANGUAGE_STANDARD = "gnu++14";
				CLANG_CXX_LIBRARY = "libc++";
				CLANG_ENABLE_MODULES = YES;
				CLANG_ENABLE_OBJC_ARC = YES;
				CLANG_ENABLE_OBJC_WEAK = YES;
				CLANG_WARN_BLOCK_CAPTURE_AUTORELEASING = YES;
				CLANG_WARN_BOOL_CONVERSION = YES;
				CLANG_WARN_COMMA = YES;
				CLANG_WARN_CONSTANT_CONVERSION = YES;
				CLANG_WARN_DEPRECATED_OBJC_IMPLEMENTATIONS = YES;
				CLANG_WARN_DIRECT_OBJC_ISA_USAGE = YES_ERROR;
				CLANG_WARN_DOCUMENTATION_COMMENTS = YES;
				CLANG_WARN_EMPTY_BODY = YES;
				CLANG_WARN_ENUM_CONVERSION = YES;
				CLANG_WARN_INFINITE_RECURSION = YES;
				CLANG_WARN_INT_CONVERSION = YES;
				CLANG_WARN_NON_LITERAL_NULL_CONVERSION = YES;
				CLANG_WARN_OBJC_IMPLICIT_RETAIN_SELF = YES;
				CLANG_WARN_OBJC_LITERAL_CONVERSION = YES;
				CLANG_WARN_OBJC_ROOT_CLASS = YES_ERROR;
				CLANG_WARN_RANGE_LOOP_ANALYSIS = YES;
				CLANG_WARN_STRICT_PROTOTYPES = YES;
				CLANG_WARN_SUSPICIOUS_MOVE = YES;
				CLANG_WARN_UNGUARDED_AVAILABILITY = YES_AGGRESSIVE;
				CLANG_WARN_UNREACHABLE_CODE = YES;
				CLANG_WARN__DUPLICATE_METHOD_MATCH = YES;
				CODE_SIGN_IDENTITY = "iPhone Developer";
				COPY_PHASE_STRIP = NO;
				DEBUG_INFORMATION_FORMAT = "dwarf-with-dsym";
				ENABLE_NS_ASSERTIONS = NO;
				ENABLE_STRICT_OBJC_MSGSEND = YES;
				GCC_C_LANGUAGE_STANDARD = gnu11;
				GCC_NO_COMMON_BLOCKS = YES;
				GCC_WARN_64_TO_32_BIT_CONVERSION = YES;
				GCC_WARN_ABOUT_RETURN_TYPE = YES_ERROR;
				GCC_WARN_UNDECLARED_SELECTOR = YES;
				GCC_WARN_UNINITIALIZED_AUTOS = YES_AGGRESSIVE;
				GCC_WARN_UNUSED_FUNCTION = YES;
				GCC_WARN_UNUSED_VARIABLE = YES;
				IPHONEOS_DEPLOYMENT_TARGET = 11.4;
				MTL_ENABLE_DEBUG_INFO = NO;
				SDKROOT = iphoneos;
				SWIFT_COMPILATION_MODE = wholemodule;
				SWIFT_OPTIMIZATION_LEVEL = "-O";
				VALIDATE_PRODUCT = YES;
			};
			name = Release;
		};
		CD389C8A212FDB0100474BA2 /* Debug */ = {
			isa = XCBuildConfiguration;
			baseConfigurationReference = 70EBFE5200D75988B118742F /* Pods-RxSwift XLPagerTabStrip MVVM.debug.xcconfig */;
			buildSettings = {
				ASSETCATALOG_COMPILER_APPICON_NAME = AppIcon;
				CLANG_ENABLE_MODULES = YES;
				CODE_SIGN_STYLE = Automatic;
				DEVELOPMENT_TEAM = 46KGHHF73Q;
				INFOPLIST_FILE = "RxSwift XLPagerTabStrip MVVM/Info.plist";
				IPHONEOS_DEPLOYMENT_TARGET = 8.0;
				LD_RUNPATH_SEARCH_PATHS = (
					"$(inherited)",
					"@executable_path/Frameworks",
				);
				PRODUCT_BUNDLE_IDENTIFIER = "com.tokijh.RxSwift-XLPagerTabStrip-MVVM";
				PRODUCT_NAME = "$(TARGET_NAME)";
				SWIFT_OBJC_BRIDGING_HEADER = "RxSwift XLPagerTabStrip MVVM/RxSwift XLPagerTabStrip MVVM-Bridging-Header.h";
				SWIFT_OPTIMIZATION_LEVEL = "-Onone";
				SWIFT_VERSION = 4.0;
				TARGETED_DEVICE_FAMILY = "1,2";
			};
			name = Debug;
		};
		CD389C8B212FDB0100474BA2 /* Release */ = {
			isa = XCBuildConfiguration;
			baseConfigurationReference = 775095AA709F1F11EF8FFA1A /* Pods-RxSwift XLPagerTabStrip MVVM.release.xcconfig */;
			buildSettings = {
				ASSETCATALOG_COMPILER_APPICON_NAME = AppIcon;
				CLANG_ENABLE_MODULES = YES;
				CODE_SIGN_STYLE = Automatic;
				DEVELOPMENT_TEAM = 46KGHHF73Q;
				INFOPLIST_FILE = "RxSwift XLPagerTabStrip MVVM/Info.plist";
				IPHONEOS_DEPLOYMENT_TARGET = 8.0;
				LD_RUNPATH_SEARCH_PATHS = (
					"$(inherited)",
					"@executable_path/Frameworks",
				);
				PRODUCT_BUNDLE_IDENTIFIER = "com.tokijh.RxSwift-XLPagerTabStrip-MVVM";
				PRODUCT_NAME = "$(TARGET_NAME)";
				SWIFT_OBJC_BRIDGING_HEADER = "RxSwift XLPagerTabStrip MVVM/RxSwift XLPagerTabStrip MVVM-Bridging-Header.h";
				SWIFT_VERSION = 4.0;
				TARGETED_DEVICE_FAMILY = "1,2";
			};
			name = Release;
		};
/* End XCBuildConfiguration section */

/* Begin XCConfigurationList section */
		CD389C72212FDB0000474BA2 /* Build configuration list for PBXProject "RxSwift XLPagerTabStrip MVVM" */ = {
			isa = XCConfigurationList;
			buildConfigurations = (
				CD389C87212FDB0100474BA2 /* Debug */,
				CD389C88212FDB0100474BA2 /* Release */,
			);
			defaultConfigurationIsVisible = 0;
			defaultConfigurationName = Release;
		};
		CD389C89212FDB0100474BA2 /* Build configuration list for PBXNativeTarget "RxSwift XLPagerTabStrip MVVM" */ = {
			isa = XCConfigurationList;
			buildConfigurations = (
				CD389C8A212FDB0100474BA2 /* Debug */,
				CD389C8B212FDB0100474BA2 /* Release */,
			);
			defaultConfigurationIsVisible = 0;
			defaultConfigurationName = Release;
		};
/* End XCConfigurationList section */
	};
	rootObject = CD389C6F212FDB0000474BA2 /* Project object */;
}
